github.com/google/uuid v1.6.0 h1:NIvaJDMOsjHA8n1jAhLSgzrAzy1Hgr+hNrb57e+94F0=
github.com/google/uuid v1.6.0/go.mod h1:TIyPZe4MgqvfeYDBFedMoGGpEw/LqOeaOT+nhxU+yHo=
github.com/lib/pq v1.10.9 h1:YXG7RB+JIjhP29X+OtkiDnYaXQwpS4JEWq7dtCCRUEw=
github.com/lib/pq v1.10.9/go.mod h1:AlVN5x4E4T544tWzH6hKfbfQvm3HdbOxrmggDNAPY9o=
github.com/savioxavier/termlink v1.4.3 h1:Gh6vrG7jSn21cRiYdQqFXYcdXfM+Fg14aG487JTfKpA=
github.com/savioxavier/termlink v1.4.3/go.mod h1:5T5ePUlWbxCHIwyF8/Ez1qufOoGM89RCg9NvG+3G3gc=
